{
  "version": "3",
  "packages": {
    "specifiers": {
      "jsr:@hono/hono": "jsr:@hono/hono@4.4.11",
      "jsr:@std/assert": "jsr:@std/assert@0.226.0",
      "jsr:@std/internal@^1.0.0": "jsr:@std/internal@1.0.0",
      "npm:hono": "npm:hono@4.4.12",
      "npm:lodash-es": "npm:lodash-es@4.17.21",
      "npm:lodash-es@4.17.21": "npm:lodash-es@4.17.21",
      "npm:mathjs": "npm:mathjs@13.0.1",
      "npm:mathjs@13.0.1": "npm:mathjs@13.0.1",
      "npm:ts-dedent": "npm:ts-dedent@2.2.0",
      "npm:xstate": "npm:xstate@5.13.0",
      "npm:xstate@5.1": "npm:xstate@5.1.0",
      "npm:xstate@5.14.0": "npm:xstate@5.14.0",
      "npm:zod": "npm:zod@3.23.8"
    },
    "jsr": {
      "@hono/hono@4.4.11": {
        "integrity": "9a739ef99e0b9c5ecb1b25dc8dc4f928cb34d1a6cfdca29a1637db9cbbd660cd"
      },
      "@std/assert@0.226.0": {
        "integrity": "0dfb5f7c7723c18cec118e080fec76ce15b4c31154b15ad2bd74822603ef75b3",
        "dependencies": [
          "jsr:@std/internal@^1.0.0"
        ]
      },
      "@std/internal@1.0.0": {
        "integrity": "ac6a6dfebf838582c4b4f61a6907374e27e05bedb6ce276e0f1608fe84e7cd9a"
      }
    },
    "npm": {
      "@babel/runtime@7.24.7": {
        "integrity": "sha512-UwgBRMjJP+xv857DCngvqXI3Iq6J4v0wXmwc6sapg+zyhbwmQX67LUEFrkK5tbyJ30jGuG3ZvWpBiB9LCy1kWw==",
        "dependencies": {
          "regenerator-runtime": "regenerator-runtime@0.14.1"
        }
      },
      "complex.js@2.1.1": {
        "integrity": "sha512-8njCHOTtFFLtegk6zQo0kkVX1rngygb/KQI6z1qZxlFI3scluC+LVTCFbrkWjBv4vvLlbQ9t88IPMC6k95VTTg==",
        "dependencies": {}
      },
      "decimal.js@10.4.3": {
        "integrity": "sha512-VBBaLc1MgL5XpzgIP7ny5Z6Nx3UrRkIViUkPUdtl9aya5amy3De1gsUUSB1g3+3sExYNjCAsAznmukyxCb1GRA==",
        "dependencies": {}
      },
      "escape-latex@1.2.0": {
        "integrity": "sha512-nV5aVWW1K0wEiUIEdZ4erkGGH8mDxGyxSeqPzRNtWP7ataw+/olFObw7hujFWlVjNsaDFw5VZ5NzVSIqRgfTiw==",
        "dependencies": {}
      },
      "fraction.js@4.3.7": {
        "integrity": "sha512-ZsDfxO51wGAXREY55a7la9LScWpwv9RxIrYABrlvOFBlH/ShPnrtsXeuUIfXKKOVicNxQ+o8JTbJvjS4M89yew==",
        "dependencies": {}
      },
      "hono@4.4.12": {
        "integrity": "sha512-Lx4Vwbws0IqFfXIVYychxUW0A4EE+7dn/jsjVeM34OXSA2Xs45MkDDP14Mzznp7LlDemUNHQG2uv2N5jQld0hA==",
        "dependencies": {}
      },
      "javascript-natural-sort@0.7.1": {
        "integrity": "sha512-nO6jcEfZWQXDhOiBtG2KvKyEptz7RVbpGP4vTD2hLBdmNQSsCiicO2Ioinv6UI4y9ukqnBpy+XZ9H6uLNgJTlw==",
        "dependencies": {}
      },
      "lodash-es@4.17.21": {
        "integrity": "sha512-mKnC+QJ9pWVzv+C4/U3rRsHapFfHvQFoFB92e52xeyGMcX6/OlIl78je1u8vePzYZSkkogMPJ2yjxxsb89cxyw==",
        "dependencies": {}
      },
      "mathjs@13.0.1": {
        "integrity": "sha512-38IzJ/MY0erNp7apXJp6DZwUYHOuvlqRqk2KtMo9GPqrTmCaLb1vTzw/Fib3PessXEMs52wnJaga0pd9xkIjjA==",
        "dependencies": {
          "@babel/runtime": "@babel/runtime@7.24.7",
          "complex.js": "complex.js@2.1.1",
          "decimal.js": "decimal.js@10.4.3",
          "escape-latex": "escape-latex@1.2.0",
          "fraction.js": "fraction.js@4.3.7",
          "javascript-natural-sort": "javascript-natural-sort@0.7.1",
          "seedrandom": "seedrandom@3.0.5",
          "tiny-emitter": "tiny-emitter@2.1.0",
          "typed-function": "typed-function@4.2.1"
        }
      },
      "regenerator-runtime@0.14.1": {
        "integrity": "sha512-dYnhHh0nJoMfnkZs6GmmhFknAGRrLznOu5nc9ML+EJxGvrx6H7teuevqVqCuPcPK//3eDrrjQhehXVx9cnkGdw==",
        "dependencies": {}
      },
      "seedrandom@3.0.5": {
        "integrity": "sha512-8OwmbklUNzwezjGInmZ+2clQmExQPvomqjL7LFqOYqtmuxRgQYqOD3mHaU+MvZn5FLUeVxVfQjwLZW/n/JFuqg==",
        "dependencies": {}
      },
      "tiny-emitter@2.1.0": {
        "integrity": "sha512-NB6Dk1A9xgQPMoGqC5CVXn123gWyte215ONT5Pp5a0yt4nlEoO1ZWeCwpncaekPHXO60i47ihFnZPiRPjRMq4Q==",
        "dependencies": {}
      },
      "ts-dedent@2.2.0": {
        "integrity": "sha512-q5W7tVM71e2xjHZTlgfTDoPF/SmqKG5hddq9SzR49CH2hayqRKJtQ4mtRlSxKaJlR/+9rEM+mnBHf7I2/BQcpQ==",
        "dependencies": {}
      },
      "typed-function@4.2.1": {
        "integrity": "sha512-EGjWssW7Tsk4DGfE+5yluuljS1OGYWiI1J6e8puZz9nTMM51Oug8CD5Zo4gWMsOhq5BI+1bF+rWTm4Vbj3ivRA==",
        "dependencies": {}
      },
      "xstate@5.1.0": {
        "integrity": "sha512-p7kkckyBwcjhcV782rx+jGg0zGLvu9AlNjsQ8ijmBUCUq/eyUPno3ZNwr2AjnfJ1Rx16ZnjYM0JQuQfu2yjTjw==",
        "dependencies": {}
      },
      "xstate@5.13.0": {
        "integrity": "sha512-Z0om784N5u8sAzUvQJBa32jiTCIGGF/2ZsmKkerQEqeeUktAeOMK20FIHFUMywC4GcAkNksSvaeX7lwoRNXPEQ==",
        "dependencies": {}
      },
      "xstate@5.14.0": {
        "integrity": "sha512-3c1H8dzebSODUSY1vM86zIE3Eg+VFzElvhklaF/ZTN5K2i6HsLc4j38qn9+TF2mHPTUFXrOn4M0Cxw9m63upLA==",
        "dependencies": {}
      },
      "zod@3.23.8": {
        "integrity": "sha512-XBx9AXhXktjUqnepgTiE5flcKIYWi/rme0Eaj+5Y0lftuGBq+jyRu/md4WnuxqgP1ubdpNCsYEYPxrzVHD8d6g==",
        "dependencies": {}
      }
    }
  },
  "remote": {}
}
