{
  "version": "3",
  "packages": {
    "specifiers": {
      "npm:@trpc/server@11.0.0-rc.452": "npm:@trpc/server@11.0.0-rc.452",
      "npm:superjson@2.2.1": "npm:superjson@2.2.1",
      "npm:zod@3.23.8": "npm:zod@3.23.8"
    },
    "npm": {
      "@trpc/server@11.0.0-rc.452": {
        "integrity": "sha512-sqZ2Nmh9hD/xuW5x/9tLoa7N1k/99B0eCDoVdbVtnMQZ0gH79vlLQXrbIPg6BZxu/h1i/jyHWXBmFMqN2JZ6xw==",
        "dependencies": {}
      },
      "copy-anything@3.0.5": {
        "integrity": "sha512-yCEafptTtb4bk7GLEQoM8KVJpxAfdBJYaXyzQEgQQQgYrZiDp8SJmGKlYza6CYjEDNstAdNdKA3UuoULlEbS6w==",
        "dependencies": {
          "is-what": "is-what@4.1.16"
        }
      },
      "is-what@4.1.16": {
        "integrity": "sha512-ZhMwEosbFJkA0YhFnNDgTM4ZxDRsS6HqTo7qsZM08fehyRYIYa0yHu5R6mgo1n/8MgaPBXiPimPD77baVFYg+A==",
        "dependencies": {}
      },
      "superjson@2.2.1": {
        "integrity": "sha512-8iGv75BYOa0xRJHK5vRLEjE2H/i4lulTjzpUXic3Eg8akftYjkmQDa8JARQ42rlczXyFR3IeRoeFCc7RxHsYZA==",
        "dependencies": {
          "copy-anything": "copy-anything@3.0.5"
        }
      },
      "zod@3.23.8": {
        "integrity": "sha512-XBx9AXhXktjUqnepgTiE5flcKIYWi/rme0Eaj+5Y0lftuGBq+jyRu/md4WnuxqgP1ubdpNCsYEYPxrzVHD8d6g==",
        "dependencies": {}
      }
    }
  },
  "remote": {}
}
