{
  "version": "3",
  "packages": {
    "specifiers": {
      "npm:xstate@5.13.0": "npm:xstate@5.13.0"
    },
    "npm": {
      "xstate@5.13.0": {
        "integrity": "sha512-Z0om784N5u8sAzUvQJBa32jiTCIGGF/2ZsmKkerQEqeeUktAeOMK20FIHFUMywC4GcAkNksSvaeX7lwoRNXPEQ==",
        "dependencies": {}
      }
    }
  },
  "remote": {},
  "workspace": {
    "dependencies": [
      "npm:xstate@5.13.0"
    ]
  }
}
