{
  "version": "3",
  "packages": {
    "specifiers": {
      "npm:@trpc/server@11.0.0-rc.452": "npm:@trpc/server@11.0.0-rc.452",
      "npm:hono": "npm:hono@4.4.12",
      "npm:superjson@2.2.1": "npm:superjson@2.2.1",
      "npm:surrealdb.js": "npm:surrealdb.js@1.0.0-beta.9_ws@8.18.0__bufferutil@4.0.8__utf-8-validate@6.0.4_bufferutil@4.0.8_utf-8-validate@6.0.4",
      "npm:zod": "npm:zod@3.23.8",
      "npm:zod@3.23.8": "npm:zod@3.23.8"
    },
    "npm": {
      "@deno/shim-deno-test@0.4.0": {
        "integrity": "sha512-oYWcD7CpERZy/TXMTM9Tgh1HD/POHlbY9WpzmAk+5H8DohcxG415Qws8yLGlim3EaKBT2v3lJv01x4G0BosnaQ==",
        "dependencies": {}
      },
      "@deno/shim-deno@0.16.1": {
        "integrity": "sha512-s9v0kzF5bm/o9TgdwvsraHx6QNllYrXXmKzgOG2lh4LFXnVMr2gpjK/c/ve6EflQn1MqImcWmVD8HAv5ahuuZQ==",
        "dependencies": {
          "@deno/shim-deno-test": "@deno/shim-deno-test@0.4.0",
          "which": "which@2.0.2"
        }
      },
      "@icholy/duration@5.1.0": {
        "integrity": "sha512-I/zdjC6qYdwWJ2H1/PZbI3g58pPIiI/eOe5XDTtQ/v36d0ogcvAylqwOIWj/teY1rBnIMzUyWfX7PMm9I67WWg==",
        "dependencies": {}
      },
      "@trpc/server@11.0.0-rc.452": {
        "integrity": "sha512-sqZ2Nmh9hD/xuW5x/9tLoa7N1k/99B0eCDoVdbVtnMQZ0gH79vlLQXrbIPg6BZxu/h1i/jyHWXBmFMqN2JZ6xw==",
        "dependencies": {}
      },
      "bufferutil@4.0.8": {
        "integrity": "sha512-4T53u4PdgsXqKaIctwF8ifXlRTTmEPJ8iEPWFdGZvcf7sbwYo6FKFEX9eNNAnzFZ7EzJAQ3CJeOtCRA4rDp7Pw==",
        "dependencies": {
          "node-gyp-build": "node-gyp-build@4.8.1"
        }
      },
      "cbor-redux@1.0.0": {
        "integrity": "sha512-nqCD/Yu2FON0XgZYdUNsMx1Tc08MOY3noh9bO2MvkjlyLZyqIVWjuz6A0mDrPJncdOfacokFUtF7zlzzP5oK5A==",
        "dependencies": {
          "@deno/shim-deno": "@deno/shim-deno@0.16.1"
        }
      },
      "copy-anything@3.0.5": {
        "integrity": "sha512-yCEafptTtb4bk7GLEQoM8KVJpxAfdBJYaXyzQEgQQQgYrZiDp8SJmGKlYza6CYjEDNstAdNdKA3UuoULlEbS6w==",
        "dependencies": {
          "is-what": "is-what@4.1.16"
        }
      },
      "decimal.js@10.4.3": {
        "integrity": "sha512-VBBaLc1MgL5XpzgIP7ny5Z6Nx3UrRkIViUkPUdtl9aya5amy3De1gsUUSB1g3+3sExYNjCAsAznmukyxCb1GRA==",
        "dependencies": {}
      },
      "hono@4.4.12": {
        "integrity": "sha512-Lx4Vwbws0IqFfXIVYychxUW0A4EE+7dn/jsjVeM34OXSA2Xs45MkDDP14Mzznp7LlDemUNHQG2uv2N5jQld0hA==",
        "dependencies": {}
      },
      "is-what@4.1.16": {
        "integrity": "sha512-ZhMwEosbFJkA0YhFnNDgTM4ZxDRsS6HqTo7qsZM08fehyRYIYa0yHu5R6mgo1n/8MgaPBXiPimPD77baVFYg+A==",
        "dependencies": {}
      },
      "isexe@2.0.0": {
        "integrity": "sha512-RHxMLp9lnKHGHRng9QFhRCMbYAcVpn69smSGcq3f36xjgVVWThj4qqLbTLlq7Ssj8B+fIQ1EuCEGI2lKsyQeIw==",
        "dependencies": {}
      },
      "isows@1.0.4_ws@8.18.0__bufferutil@4.0.8__utf-8-validate@6.0.4_bufferutil@4.0.8_utf-8-validate@6.0.4": {
        "integrity": "sha512-hEzjY+x9u9hPmBom9IIAqdJCwNLax+xrPb51vEPpERoFlIxgmZcHzsT5jKG06nvInKOBGvReAVz80Umed5CczQ==",
        "dependencies": {
          "ws": "ws@8.18.0_bufferutil@4.0.8_utf-8-validate@6.0.4"
        }
      },
      "node-gyp-build@4.8.1": {
        "integrity": "sha512-OSs33Z9yWr148JZcbZd5WiAXhh/n9z8TxQcdMhIOlpN9AhWpLfvVFO73+m77bBABQMaY9XSvIa+qk0jlI7Gcaw==",
        "dependencies": {}
      },
      "semver@7.6.2": {
        "integrity": "sha512-FNAIBWCx9qcRhoHcgcJ0gvU7SN1lYU2ZXuSfl04bSC5OpvDHFyJCjdNHomPXxjQlCBU67YW64PzY7/VIEH7F2w==",
        "dependencies": {}
      },
      "superjson@2.2.1": {
        "integrity": "sha512-8iGv75BYOa0xRJHK5vRLEjE2H/i4lulTjzpUXic3Eg8akftYjkmQDa8JARQ42rlczXyFR3IeRoeFCc7RxHsYZA==",
        "dependencies": {
          "copy-anything": "copy-anything@3.0.5"
        }
      },
      "surrealdb.js@1.0.0-beta.9_ws@8.18.0__bufferutil@4.0.8__utf-8-validate@6.0.4_bufferutil@4.0.8_utf-8-validate@6.0.4": {
        "integrity": "sha512-EPodlWRWwfK91qtKHJ246Rljpvl7eB0egHwhthRa/wsxMoEVqUyIqmMSjmweKOGGKxm35NhivYbJh+5LnqI/nA==",
        "dependencies": {
          "@icholy/duration": "@icholy/duration@5.1.0",
          "bufferutil": "bufferutil@4.0.8",
          "cbor-redux": "cbor-redux@1.0.0",
          "decimal.js": "decimal.js@10.4.3",
          "isows": "isows@1.0.4_ws@8.18.0__bufferutil@4.0.8__utf-8-validate@6.0.4_bufferutil@4.0.8_utf-8-validate@6.0.4",
          "semver": "semver@7.6.2",
          "utf-8-validate": "utf-8-validate@6.0.4",
          "uuidv7": "uuidv7@0.6.3",
          "ws": "ws@8.18.0_bufferutil@4.0.8_utf-8-validate@6.0.4",
          "zod": "zod@3.23.8"
        }
      },
      "utf-8-validate@6.0.4": {
        "integrity": "sha512-xu9GQDeFp+eZ6LnCywXN/zBancWvOpUMzgjLPSjy4BRHSmTelvn2E0DG0o1sTiw5hkCKBHo8rwSKncfRfv2EEQ==",
        "dependencies": {
          "node-gyp-build": "node-gyp-build@4.8.1"
        }
      },
      "uuidv7@0.6.3": {
        "integrity": "sha512-zV3eW2NlXTsun/aJ7AixxZjH/byQcH/r3J99MI0dDEkU2cJIBJxhEWUHDTpOaLPRNhebPZoeHuykYREkI9HafA==",
        "dependencies": {}
      },
      "which@2.0.2": {
        "integrity": "sha512-BLI3Tl1TW3Pvl70l3yq3Y64i+awpwXqsGBYWkkqMtnbXgrMD+yj7rhW0kuEDxzJaYXGjEW5ogapKNMEKNMjibA==",
        "dependencies": {
          "isexe": "isexe@2.0.0"
        }
      },
      "ws@8.18.0_bufferutil@4.0.8_utf-8-validate@6.0.4": {
        "integrity": "sha512-8VbfWfHLbbwu3+N6OKsOMpBdT4kXPDDB9cJk2bJ6mh9ucxdlnNvH1e+roYkKmN9Nxw2yjz7VzeO9oOz2zJ04Pw==",
        "dependencies": {
          "bufferutil": "bufferutil@4.0.8",
          "utf-8-validate": "utf-8-validate@6.0.4"
        }
      },
      "zod@3.23.8": {
        "integrity": "sha512-XBx9AXhXktjUqnepgTiE5flcKIYWi/rme0Eaj+5Y0lftuGBq+jyRu/md4WnuxqgP1ubdpNCsYEYPxrzVHD8d6g==",
        "dependencies": {}
      }
    }
  },
  "remote": {
    "https://deno.land/std@0.224.0/http/status.ts": "ed61b4882af2514a81aefd3245e8df4c47b9a8e54929a903577643d2d1ebf514"
  }
}
